
Microsoft Visual Studio Solution File, Format Version 12.00
# Visual Studio Version 17
VisualStudioVersion = 17.10.35013.160
MinimumVisualStudioVersion = 10.0.40219.1
Project("{FAE04EC0-301F-11D3-BF4B-00C04F79EFBC}") = "PaparaStore.Api", "PaparaStore.Api\PaparaStore.Api.csproj", "{9B723EAE-64EF-419B-933B-C2C7D498240E}"
EndProject
Project("{FAE04EC0-301F-11D3-BF4B-00C04F79EFBC}") = "PaparaStore.Data", "PaparaStore.Data\PaparaStore.Data.csproj", "{E4943FB3-F03E-4115-BE02-8ACF5B7BBD99}"
EndProject
Project("{FAE04EC0-301F-11D3-BF4B-00C04F79EFBC}") = "PaparaStore.Business", "PaparaStore.Business\PaparaStore.Business.csproj", "{EF1C0DE6-7565-439E-849D-54308D0CBE48}"
EndProject
Project("{FAE04EC0-301F-11D3-BF4B-00C04F79EFBC}") = "PaparaStore.Schema", "PaparaStore.Schema\PaparaStore.Schema.csproj", "{0965B0F0-85A7-4164-A0DB-E4E906B99612}"
EndProject
Project("{FAE04EC0-301F-11D3-BF4B-00C04F79EFBC}") = "PaparaStore.Base", "PaparaStore.Base\PaparaStore.Base.csproj", "{67FCB883-270F-490E-8187-762597A185CE}"
EndProject
Global
	GlobalSection(SolutionConfigurationPlatforms) = preSolution
		Debug|Any CPU = Debug|Any CPU
		Release|Any CPU = Release|Any CPU
	EndGlobalSection
	GlobalSection(ProjectConfigurationPlatforms) = postSolution
		{9B723EAE-64EF-419B-933B-C2C7D498240E}.Debug|Any CPU.ActiveCfg = Debug|Any CPU
		{9B723EAE-64EF-419B-933B-C2C7D498240E}.Debug|Any CPU.Build.0 = Debug|Any CPU
		{9B723EAE-64EF-419B-933B-C2C7D498240E}.Release|Any CPU.ActiveCfg = Release|Any CPU
		{9B723EAE-64EF-419B-933B-C2C7D498240E}.Release|Any CPU.Build.0 = Release|Any CPU
		{E4943FB3-F03E-4115-BE02-8ACF5B7BBD99}.Debug|Any CPU.ActiveCfg = Debug|Any CPU
		{E4943FB3-F03E-4115-BE02-8ACF5B7BBD99}.Debug|Any CPU.Build.0 = Debug|Any CPU
		{E4943FB3-F03E-4115-BE02-8ACF5B7BBD99}.Release|Any CPU.ActiveCfg = Release|Any CPU
		{E4943FB3-F03E-4115-BE02-8ACF5B7BBD99}.Release|Any CPU.Build.0 = Release|Any CPU
		{EF1C0DE6-7565-439E-849D-54308D0CBE48}.Debug|Any CPU.ActiveCfg = Debug|Any CPU
		{EF1C0DE6-7565-439E-849D-54308D0CBE48}.Debug|Any CPU.Build.0 = Debug|Any CPU
		{EF1C0DE6-7565-439E-849D-54308D0CBE48}.Release|Any CPU.ActiveCfg = Release|Any CPU
		{EF1C0DE6-7565-439E-849D-54308D0CBE48}.Release|Any CPU.Build.0 = Release|Any CPU
		{0965B0F0-85A7-4164-A0DB-E4E906B99612}.Debug|Any CPU.ActiveCfg = Debug|Any CPU
		{0965B0F0-85A7-4164-A0DB-E4E906B99612}.Debug|Any CPU.Build.0 = Debug|Any CPU
		{0965B0F0-85A7-4164-A0DB-E4E906B99612}.Release|Any CPU.ActiveCfg = Release|Any CPU
		{0965B0F0-85A7-4164-A0DB-E4E906B99612}.Release|Any CPU.Build.0 = Release|Any CPU
		{67FCB883-270F-490E-8187-762597A185CE}.Debug|Any CPU.ActiveCfg = Debug|Any CPU
		{67FCB883-270F-490E-8187-762597A185CE}.Debug|Any CPU.Build.0 = Debug|Any CPU
		{67FCB883-270F-490E-8187-762597A185CE}.Release|Any CPU.ActiveCfg = Release|Any CPU
		{67FCB883-270F-490E-8187-762597A185CE}.Release|Any CPU.Build.0 = Release|Any CPU
	EndGlobalSection
	GlobalSection(SolutionProperties) = preSolution
		HideSolutionNode = FALSE
	EndGlobalSection
	GlobalSection(ExtensibilityGlobals) = postSolution
		SolutionGuid = {A88EE206-D023-40BB-B9BA-0F6650A87204}
	EndGlobalSection
EndGlobal
